
Microsoft Visual Studio Solution File, Format Version 12.00
# Visual Studio 2015
Project("{FAE04EC0-301F-11D3-BF4B-00C04F79EFBC}") = "Wash'Em Balls.CSharp", "Wash'Em Balls.CSharp.csproj", "{A33B873F-D403-09BD-05DC-6D7F1ED8A498}"
EndProject
Global
	GlobalSection(SolutionConfigurationPlatforms) = preSolution
		Debug|Any CPU = Debug|Any CPU
		Release|Any CPU = Release|Any CPU
	EndGlobalSection
	GlobalSection(ProjectConfigurationPlatforms) = postSolution
		{A33B873F-D403-09BD-05DC-6D7F1ED8A498}.Debug|Any CPU.ActiveCfg = Debug|Any CPU
		{A33B873F-D403-09BD-05DC-6D7F1ED8A498}.Debug|Any CPU.Build.0 = Debug|Any CPU
		{A33B873F-D403-09BD-05DC-6D7F1ED8A498}.Release|Any CPU.ActiveCfg = Release|Any CPU
		{A33B873F-D403-09BD-05DC-6D7F1ED8A498}.Release|Any CPU.Build.0 = Release|Any CPU
	EndGlobalSection
	GlobalSection(SolutionProperties) = preSolution
		HideSolutionNode = FALSE
	EndGlobalSection
EndGlobal
